
Microsoft Visual Studio Solution File, Format Version 12.00
# Visual Studio Version 17
VisualStudioVersion = 17.4.33213.308
MinimumVisualStudioVersion = 10.0.40219.1
Project("{FAE04EC0-301F-11D3-BF4B-00C04F79EFBC}") = "ProjectManagerWebApp", "ProjectManagerWebApp\ProjectManagerWebApp.csproj", "{051F6191-F087-4273-883D-743641E3DE3B}"
EndProject
Global
	GlobalSection(SolutionConfigurationPlatforms) = preSolution
		Debug|Any CPU = Debug|Any CPU
		Release|Any CPU = Release|Any CPU
	EndGlobalSection
	GlobalSection(ProjectConfigurationPlatforms) = postSolution
		{051F6191-F087-4273-883D-743641E3DE3B}.Debug|Any CPU.ActiveCfg = Debug|Any CPU
		{051F6191-F087-4273-883D-743641E3DE3B}.Debug|Any CPU.Build.0 = Debug|Any CPU
		{051F6191-F087-4273-883D-743641E3DE3B}.Release|Any CPU.ActiveCfg = Release|Any CPU
		{051F6191-F087-4273-883D-743641E3DE3B}.Release|Any CPU.Build.0 = Release|Any CPU
	EndGlobalSection
	GlobalSection(SolutionProperties) = preSolution
		HideSolutionNode = FALSE
	EndGlobalSection
	GlobalSection(ExtensibilityGlobals) = postSolution
		SolutionGuid = {0C05E329-3243-4FA2-B4B4-0E6FBDAE07DE}
	EndGlobalSection
EndGlobal
